%{"base64url": {:hex, :base64url, "0.0.1", "36a90125f5948e3afd7be97662a1504b934dd5dac78451ca6e9abf85a10286be", [:rebar], []},
  "bing_translator": {:hex, :bing_translator, "0.3.0", "09868c20ab5eaa3e29cb0abdd9d6179324e5b5cd9089797a6cac6fedcdba7798", [:mix], [{:floki, ">= 0.0.0", [hex: :floki, optional: false]}, {:poison, ">= 0.0.0", [hex: :poison, optional: false]}, {:httpoison, ">= 0.0.0", [hex: :httpoison, optional: false]}]},
  "certifi": {:hex, :certifi, "0.4.0", "a7966efb868b179023618d29a407548f70c52466bf1849b9e8ebd0e34b7ea11f", [:rebar3], []},
  "codepagex": {:hex, :codepagex, "0.1.2", "584dad3a20204044d7ed5e2b15b5670421a7fdeec186a0724cb210df20c892c1", [:mix], []},
  "combine": {:hex, :combine, "0.9.1", "5fd778ee77032ae593bf79aedb8519d9e36283e4f869abd98c2d6029ca476db8", [:mix], []},
  "comeonin": {:hex, :comeonin, "2.5.1", "b39cc11fa7fde5c4498dc822ddf8db9319921ea29286784cd499c4d2618018e1", [:mix, :make, :make], []},
  "con_cache": {:hex, :con_cache, "0.11.1", "acbe5a1d10c47faba30d9629c9121e1ef9bca0aa5eddbb86f4e777bd9f9f9b6f", [:mix], [{:exactor, "~> 2.2.0", [hex: :exactor, optional: false]}]},
  "connection": {:hex, :connection, "1.0.3", "3145f7416be3df248a4935f24e3221dc467c1e3a158d62015b35bd54da365786", [:mix], []},
  "cowboy": {:hex, :cowboy, "1.0.4", "a324a8df9f2316c833a470d918aaf73ae894278b8aa6226ce7a9bf699388f878", [:rebar, :make], [{:cowlib, "~> 1.0.0", [hex: :cowlib, optional: false]}, {:ranch, "~> 1.0", [hex: :ranch, optional: false]}]},
  "cowlib": {:hex, :cowlib, "1.0.2", "9d769a1d062c9c3ac753096f868ca121e2730b9a377de23dec0f7e08b1df84ee", [:make], []},
  "db_connection": {:hex, :db_connection, "1.0.0-rc.3", "d9ceb670fe300271140af46d357b669983cd16bc0d01206d7d3222dde56cf038", [:mix], [{:sbroker, "~> 1.0.0-beta.3", [hex: :sbroker, optional: true]}, {:poolboy, "~> 1.5", [hex: :poolboy, optional: true]}, {:connection, "~> 1.0.2", [hex: :connection, optional: false]}]},
  "decimal": {:hex, :decimal, "1.1.2", "79a769d4657b2d537b51ef3c02d29ab7141d2b486b516c109642d453ee08e00c", [:mix], []},
  "ecto": {:hex, :ecto, "2.0.2", "b02331c1f20bbe944dbd33c8ecd8f1ccffecc02e344c4471a891baf3a25f5406", [:mix], [{:poison, "~> 1.5 or ~> 2.0", [hex: :poison, optional: true]}, {:sbroker, "~> 1.0-beta", [hex: :sbroker, optional: true]}, {:mariaex, "~> 0.7.7", [hex: :mariaex, optional: true]}, {:postgrex, "~> 0.11.2", [hex: :postgrex, optional: true]}, {:db_connection, "~> 1.0-rc.2", [hex: :db_connection, optional: true]}, {:decimal, "~> 1.0", [hex: :decimal, optional: false]}, {:poolboy, "~> 1.5", [hex: :poolboy, optional: false]}]},
  "elixir_feed_parser": {:hex, :elixir_feed_parser, "1.1.0", "37500af860fe12507543f47cc5e51f379f1a4c7bc80d90c288f2f283532e95ea", [:mix], [{:timex, "~> 2.1.0", [hex: :timex, optional: false]}]},
  "eredis": {:hex, :eredis, "1.0.8", "ab4fda1c4ba7fbe6c19c26c249dc13da916d762502c4b4fa2df401a8d51c5364", [:rebar], []},
  "erlport": {:git, "https://github.com/hdima/erlport.git", "246b7722d62b87b48be66d9a871509a537728962", [ref: "246b7722d62b87b48be66d9a871509a537728962"]},
  "exactor": {:hex, :exactor, "2.2.0", "2a7418b82d974fe8276edd62c1facf4a9dc06339cdf11b5dcd10359e107fe5c3", [:mix], []},
  "exjsx": {:hex, :exjsx, "3.2.0", "7136cc739ace295fc74c378f33699e5145bead4fdc1b4799822d0287489136fb", [:mix], [{:jsx, "~> 2.6.2", [hex: :jsx, optional: false]}]},
  "exredis": {:hex, :exredis, "0.2.4", "07f4ea69b5cf1912d62cea4599687fedb3efe19cced8ddf087ef63dd17447518", [:mix], [{:eredis, ">= 1.0.8", [hex: :eredis, optional: false]}]},
  "feeder": {:hex, :feeder, "1.4.7", "e2bd91cbd1fcec12e92f22b444539d8d857b14ade6c311b9431fffa1fe587dd9", [:make], []},
  "feeder_ex": {:hex, :feeder_ex, "0.0.3", "5bc31a9ee5d606f1f93013752879a6e4e78cdee20455fceeeb8db8e319c3b9e9", [:mix], [{:feeder, "~> 1.4.3", [hex: :feeder, optional: false]}]},
  "feederer": {:hex, :feederer, "0.6.0", "02096f2c9612cc73619487da08bb33389e3ec7f463bfba5535a6cb396c639613", [:mix], [{:poolboy, "~> 1.5", [hex: :poolboy, optional: false]}]},
  "floki": {:hex, :floki, "0.9.0", "e952ca71a453f7827ab5405106ac8d9ac5c9602d18aa5d2d893e5b9944e2499e", [:mix], [{:mochiweb_html, "~> 2.15", [hex: :mochiweb_html, optional: false]}]},
  "fs": {:hex, :fs, "0.9.2", "ed17036c26c3f70ac49781ed9220a50c36775c6ca2cf8182d123b6566e49ec59", [:rebar], []},
  "gettext": {:hex, :gettext, "0.11.0", "80c1dd42d270482418fa158ec5ba073d2980e3718bacad86f3d4ad71d5667679", [:mix], []},
  "guardian": {:hex, :guardian, "0.12.0", "ab1f0a1ab0cd8f4f9c8cca6e28d61136ca682684cf0f82e55a50e8061be7575a", [:mix], [{:uuid, ">=1.1.1", [hex: :uuid, optional: false]}, {:poison, ">= 1.3.0", [hex: :poison, optional: false]}, {:plug, "~> 1.0", [hex: :plug, optional: false]}, {:jose, "~> 1.6", [hex: :jose, optional: false]}]},
  "hackney": {:hex, :hackney, "1.6.1", "ddd22d42db2b50e6a155439c8811b8f6df61a4395de10509714ad2751c6da817", [:rebar3], [{:ssl_verify_fun, "1.1.0", [hex: :ssl_verify_fun, optional: false]}, {:mimerl, "1.0.2", [hex: :mimerl, optional: false]}, {:metrics, "1.0.1", [hex: :metrics, optional: false]}, {:idna, "1.2.0", [hex: :idna, optional: false]}, {:certifi, "0.4.0", [hex: :certifi, optional: false]}]},
  "html_sanitize_ex": {:hex, :html_sanitize_ex, "1.0.1", "2572e7122c78ab7e57b613e7c7f5e42bf9b3c25e430e32f23f1413d86db8a0af", [:mix], [{:mochiweb, "~> 2.12.2", [hex: :mochiweb, optional: false]}]},
  "httpoison": {:hex, :httpoison, "0.9.0", "68187a2daddfabbe7ca8f7d75ef227f89f0e1507f7eecb67e4536b3c516faddb", [:mix], [{:hackney, "~> 1.6.0", [hex: :hackney, optional: false]}]},
  "idna": {:hex, :idna, "1.2.0", "ac62ee99da068f43c50dc69acf700e03a62a348360126260e87f2b54eced86b2", [:rebar3], []},
  "jose": {:hex, :jose, "1.7.9", "9dc5a14ab62db4e41677fcc97993752562fb57ad0b8ba062589682edd3acb91f", [:mix, :rebar], [{:base64url, "~> 0.0.1", [hex: :base64url, optional: false]}]},
  "jsx": {:hex, :jsx, "2.6.2", "213721e058da0587a4bce3cc8a00ff6684ced229c8f9223245c6ff2c88fbaa5a", [:mix, :rebar], []},
  "mailgun": {:hex, :mailgun, "0.1.2", "37c1306675cf27a66a13dea3c9d479da2a990f0aed296b5addbd0b07529b667d", [:mix], [{:poison, "~> 1.4", [hex: :poison, optional: false]}]},
  "metrics": {:hex, :metrics, "1.0.1", "25f094dea2cda98213cecc3aeff09e940299d950904393b2a29d191c346a8486", [:rebar3], []},
  "mimerl": {:hex, :mimerl, "1.0.2", "993f9b0e084083405ed8252b99460c4f0563e41729ab42d9074fd5e52439be88", [:rebar3], []},
  "mimetype_parser": {:hex, :mimetype_parser, "0.1.2", "221d2d3f727e89d80de5e1610fc2ce444514aa56f873da1b8fc9c033143e5d6a", [:mix], []},
  "mochiweb": {:hex, :mochiweb, "2.12.2", "80804ad342afa3d7f3524040d4eed66ce74b17a555de454ac85b07c479928e46", [:make, :rebar], []},
  "mochiweb_html": {:hex, :mochiweb_html, "2.15.0", "d7402e967d7f9f2912f8befa813c37be62d5eeeddbbcb6fe986c44e01460d497", [:rebar3], []},
  "oauth2": {:hex, :oauth2, "0.6.0", "f3967aba3f358e64fb70046f659f04ea753d7a407ce032046dd048fc2e2e4be3", [:mix], [{:poison, "~> 1.3 or ~> 2.0", [hex: :poison, optional: false]}, {:mimetype_parser, "~> 0.1", [hex: :mimetype_parser, optional: false]}, {:httpoison, "~> 0.7", [hex: :httpoison, optional: false]}]},
  "parallel": {:hex, :parallel, "0.0.3", "d1c9a03f0fd6c85ba174938b9823db51e01a68f9f0e76e3f3e11989cbeb607e7", [:mix], []},
  "phoenix": {:hex, :phoenix, "1.2.0", "1bdeb99c254f4c534cdf98fd201dede682297ccc62fcac5d57a2627c3b6681fb", [:mix], [{:poison, "~> 1.5 or ~> 2.0", [hex: :poison, optional: false]}, {:phoenix_pubsub, "~> 1.0", [hex: :phoenix_pubsub, optional: false]}, {:plug, "~> 1.1", [hex: :plug, optional: false]}, {:cowboy, "~> 1.0", [hex: :cowboy, optional: true]}]},
  "phoenix_ecto": {:hex, :phoenix_ecto, "3.0.0", "b947aaf03d076f5b1448f87828f22fb7710478ee38455c67cc3fe8e9a4dfd015", [:mix], [{:ecto, "~> 2.0.0-rc", [hex: :ecto, optional: false]}, {:phoenix_html, "~> 2.6", [hex: :phoenix_html, optional: true]}]},
  "phoenix_html": {:hex, :phoenix_html, "2.6.1", "7d53fb8d3d0a057a6eb3df24e7c5b86630d8d7495b13221537d9c4130d527d95", [:mix], [{:plug, "~> 1.0", [hex: :plug, optional: false]}]},
  "phoenix_html_simplified_helpers": {:hex, :phoenix_html_simplified_helpers, "0.6.0", "177c6add5e82a5bbf53d476c03d2fdea269ae9eb2483053b951b5b85b9a85890", [:mix], [{:gettext, "~> 0.10 or ~> 0.11", [hex: :gettext, optional: false]}, {:ecto, "~> 1.1 or ~> 2.0", [hex: :ecto, optional: false]}, {:timex_ecto, "~> 1.0 or ~> 1.1 ", [hex: :timex_ecto, optional: false]}, {:timex, "~> 2.1 or ~> 2.2", [hex: :timex, optional: false]}]},
  "phoenix_live_reload": {:hex, :phoenix_live_reload, "1.0.5", "829218c4152ba1e9848e2bf8e161fcde6b4ec679a516259442561d21fde68d0b", [:mix], [{:phoenix, "~> 1.0 or ~> 1.2-rc", [hex: :phoenix, optional: false]}, {:fs, "~> 0.9.1", [hex: :fs, optional: false]}]},
  "phoenix_pubsub": {:hex, :phoenix_pubsub, "1.0.0", "c31af4be22afeeebfaf246592778c8c840e5a1ddc7ca87610c41ccfb160c2c57", [:mix], []},
  "plug": {:hex, :plug, "1.1.6", "8927e4028433fcb859e000b9389ee9c37c80eb28378eeeea31b0273350bf668b", [:mix], [{:cowboy, "~> 1.0", [hex: :cowboy, optional: true]}]},
  "poison": {:hex, :poison, "1.5.2", "560bdfb7449e3ddd23a096929fb9fc2122f709bcc758b2d5d5a5c7d0ea848910", [:mix], []},
  "poolboy": {:hex, :poolboy, "1.5.1", "6b46163901cfd0a1b43d692657ed9d7e599853b3b21b95ae5ae0a777cf9b6ca8", [:rebar], []},
  "postgrex": {:hex, :postgrex, "0.11.2", "139755c1359d3c5c6d6e8b1ea72556d39e2746f61c6ddfb442813c91f53487e8", [:mix], [{:connection, "~> 1.0", [hex: :connection, optional: false]}, {:db_connection, "~> 1.0-rc", [hex: :db_connection, optional: false]}, {:decimal, "~> 1.0", [hex: :decimal, optional: false]}]},
  "ranch": {:hex, :ranch, "1.2.1", "a6fb992c10f2187b46ffd17ce398ddf8a54f691b81768f9ef5f461ea7e28c762", [:make], []},
  "redix": {:hex, :redix, "0.4.0", "c8cfad755252e5441c4119437ba3a8989518af7aa90dbd6f4ff7207b72e4a967", [:mix], [{:connection, "~> 1.0.0", [hex: :connection, optional: false]}]},
  "rss": {:hex, :rss, "0.2.1", "034f2fe5250a490862e692eb34a31bb5c142913c2fe0fb093e1fd982f010e15d", [:mix], []},
  "scrape": {:git, "https://github.com/Anonyfox/elixir-scrape.git", "6e059f58d0112505657f1e0ae09c1b734609c99f", []},
  "simple_format": {:hex, :simple_format, "0.1.0", "18e997286ca90c7224100db7f6108de1e566f7ce93a7e84d152e24f2e52bb631", [:mix], [{:phoenix_html, "~> 2.2", [hex: :phoenix_html, optional: false]}]},
  "ssl_verify_fun": {:hex, :ssl_verify_fun, "1.1.0", "edee20847c42e379bf91261db474ffbe373f8acb56e9079acb6038d4e0bf414f", [:rebar, :make], []},
  "timex": {:hex, :timex, "2.2.1", "0d69012a7fd69f4cbdaa00cc5f2a5f30f1bed56072fb362ed4bddf60db343022", [:mix], [{:gettext, "~> 0.10", [hex: :gettext, optional: false]}, {:combine, "~> 0.7", [hex: :combine, optional: false]}, {:tzdata, "~> 0.1.8 or ~> 0.5", [hex: :tzdata, optional: false]}]},
  "timex_ecto": {:hex, :timex_ecto, "1.1.3", "7a53a0781db7b15de604ffe244c7ed5347bdbf6ce045f6a8fc492f4994a1e32b", [:mix], [{:ecto, "~> 1.1 or ~> 2.0 or ~> 2.0.0-rc3", [hex: :ecto, optional: false]}, {:timex, "~> 2.1", [hex: :timex, optional: false]}]},
  "tirexs": {:hex, :tirexs, "0.8.3", "bff2905dd9d9eb5d22e2f593e9582b171b98847290765dc1765e217bb8eda981", [:mix], [{:exjsx, "~> 3.2.0", [hex: :exjsx, optional: false]}]},
  "tzdata": {:hex, :tzdata, "0.5.8", "a4ffe564783c6519e4df230a5d0e1cf44b7db7f576bcae76d05540b5da5b6143", [:mix], [{:hackney, "~> 1.0", [hex: :hackney, optional: false]}]},
  "ueberauth": {:hex, :ueberauth, "0.2.0", "9160c601b468c6692462a56be7ad8890d1a2d84519d7d9c4541da5b07d6495e1", [:mix], [{:plug, "~> 1.0", [hex: :plug, optional: false]}]},
  "ueberauth_google": {:hex, :ueberauth_google, "0.2.0", "c6fdef7f94e49e8c0b64ccc0dd58eb44e85f3d890cf6495fbd432e3503404775", [:mix], [{:ueberauth, "~> 0.2", [hex: :ueberauth, optional: false]}, {:oauth2, "~> 0.5", [hex: :oauth2, optional: false]}]},
  "ueberauth_identity": {:hex, :ueberauth_identity, "0.2.3", "216f18ca24347f6b3dd0e5f4342b6fef7a4027fad0d133f1c454d51b7eaac55b", [:mix], [{:ueberauth, "~> 0.2", [hex: :ueberauth, optional: false]}, {:plug, "~> 1.0", [hex: :plug, optional: false]}]},
  "uuid": {:hex, :uuid, "1.1.4", "36c7734e4c8e357f2f67ba57fb61799d60c20a7f817b104896cca64b857e3686", [:mix], []}}
